
Microsoft Visual Studio Solution File, Format Version 12.00
# Visual Studio 15
VisualStudioVersion = 15.0.28307.1082
MinimumVisualStudioVersion = 10.0.40219.1
Project("{9A19103F-16F7-4668-BE54-9A1E7A4F7556}") = "Project2020", "Project2020\Project2020.csproj", "{59CD4197-37D8-48BD-82A1-43BF3FC573EE}"
EndProject
Project("{FAE04EC0-301F-11D3-BF4B-00C04F79EFBC}") = "GuestTest", "GuestTest\GuestTest.csproj", "{003AD023-4FD8-438A-9F88-3B043E7F3348}"
EndProject
Global
	GlobalSection(SolutionConfigurationPlatforms) = preSolution
		Debug|Any CPU = Debug|Any CPU
		Release|Any CPU = Release|Any CPU
	EndGlobalSection
	GlobalSection(ProjectConfigurationPlatforms) = postSolution
		{59CD4197-37D8-48BD-82A1-43BF3FC573EE}.Debug|Any CPU.ActiveCfg = Debug|Any CPU
		{59CD4197-37D8-48BD-82A1-43BF3FC573EE}.Debug|Any CPU.Build.0 = Debug|Any CPU
		{59CD4197-37D8-48BD-82A1-43BF3FC573EE}.Release|Any CPU.ActiveCfg = Release|Any CPU
		{59CD4197-37D8-48BD-82A1-43BF3FC573EE}.Release|Any CPU.Build.0 = Release|Any CPU
		{003AD023-4FD8-438A-9F88-3B043E7F3348}.Debug|Any CPU.ActiveCfg = Debug|Any CPU
		{003AD023-4FD8-438A-9F88-3B043E7F3348}.Debug|Any CPU.Build.0 = Debug|Any CPU
		{003AD023-4FD8-438A-9F88-3B043E7F3348}.Release|Any CPU.ActiveCfg = Release|Any CPU
		{003AD023-4FD8-438A-9F88-3B043E7F3348}.Release|Any CPU.Build.0 = Release|Any CPU
	EndGlobalSection
	GlobalSection(SolutionProperties) = preSolution
		HideSolutionNode = FALSE
	EndGlobalSection
	GlobalSection(ExtensibilityGlobals) = postSolution
		SolutionGuid = {4BAA9869-F9E1-4D86-839E-16E0A081845C}
	EndGlobalSection
EndGlobal
